
Microsoft Visual Studio Solution File, Format Version 12.00
# Visual Studio 15
VisualStudioVersion = 15.0.27703.2047
MinimumVisualStudioVersion = 10.0.40219.1
Project("{FAE04EC0-301F-11D3-BF4B-00C04F79EFBC}") = "CalcFreelancer.Android", "CalcFreelancer\CalcFreelancer.Android\CalcFreelancer.Android.csproj", "{5FFFEFDA-5A50-40F3-B68E-2D8CA0D7055F}"
EndProject
Project("{FAE04EC0-301F-11D3-BF4B-00C04F79EFBC}") = "CalcFreelancer.iOS", "CalcFreelancer\CalcFreelancer.iOS\CalcFreelancer.iOS.csproj", "{25E1FADC-40DC-4667-9030-CBFB1F85D4A5}"
EndProject
Project("{FAE04EC0-301F-11D3-BF4B-00C04F79EFBC}") = "CalcFreelancer", "CalcFreelancer\CalcFreelancer\CalcFreelancer.csproj", "{1E23688D-350C-492C-AA7B-F920412522E4}"
EndProject
Global
	GlobalSection(SolutionConfigurationPlatforms) = preSolution
		Ad-Hoc|Any CPU = Ad-Hoc|Any CPU
		Ad-Hoc|iPhone = Ad-Hoc|iPhone
		Ad-Hoc|iPhoneSimulator = Ad-Hoc|iPhoneSimulator
		AppStore|Any CPU = AppStore|Any CPU
		AppStore|iPhone = AppStore|iPhone
		AppStore|iPhoneSimulator = AppStore|iPhoneSimulator
		Debug|Any CPU = Debug|Any CPU
		Debug|iPhone = Debug|iPhone
		Debug|iPhoneSimulator = Debug|iPhoneSimulator
		Release|Any CPU = Release|Any CPU
		Release|iPhone = Release|iPhone
		Release|iPhoneSimulator = Release|iPhoneSimulator
	EndGlobalSection
	GlobalSection(ProjectConfigurationPlatforms) = postSolution
		{5FFFEFDA-5A50-40F3-B68E-2D8CA0D7055F}.Ad-Hoc|Any CPU.ActiveCfg = Release|Any CPU
		{5FFFEFDA-5A50-40F3-B68E-2D8CA0D7055F}.Ad-Hoc|Any CPU.Build.0 = Release|Any CPU
		{5FFFEFDA-5A50-40F3-B68E-2D8CA0D7055F}.Ad-Hoc|Any CPU.Deploy.0 = Release|Any CPU
		{5FFFEFDA-5A50-40F3-B68E-2D8CA0D7055F}.Ad-Hoc|iPhone.ActiveCfg = Release|Any CPU
		{5FFFEFDA-5A50-40F3-B68E-2D8CA0D7055F}.Ad-Hoc|iPhone.Build.0 = Release|Any CPU
		{5FFFEFDA-5A50-40F3-B68E-2D8CA0D7055F}.Ad-Hoc|iPhone.Deploy.0 = Release|Any CPU
		{5FFFEFDA-5A50-40F3-B68E-2D8CA0D7055F}.Ad-Hoc|iPhoneSimulator.ActiveCfg = Release|Any CPU
		{5FFFEFDA-5A50-40F3-B68E-2D8CA0D7055F}.Ad-Hoc|iPhoneSimulator.Build.0 = Release|Any CPU
		{5FFFEFDA-5A50-40F3-B68E-2D8CA0D7055F}.Ad-Hoc|iPhoneSimulator.Deploy.0 = Release|Any CPU
		{5FFFEFDA-5A50-40F3-B68E-2D8CA0D7055F}.AppStore|Any CPU.ActiveCfg = Release|Any CPU
		{5FFFEFDA-5A50-40F3-B68E-2D8CA0D7055F}.AppStore|Any CPU.Build.0 = Release|Any CPU
		{5FFFEFDA-5A50-40F3-B68E-2D8CA0D7055F}.AppStore|Any CPU.Deploy.0 = Release|Any CPU
		{5FFFEFDA-5A50-40F3-B68E-2D8CA0D7055F}.AppStore|iPhone.ActiveCfg = Release|Any CPU
		{5FFFEFDA-5A50-40F3-B68E-2D8CA0D7055F}.AppStore|iPhone.Build.0 = Release|Any CPU
		{5FFFEFDA-5A50-40F3-B68E-2D8CA0D7055F}.AppStore|iPhone.Deploy.0 = Release|Any CPU
		{5FFFEFDA-5A50-40F3-B68E-2D8CA0D7055F}.AppStore|iPhoneSimulator.ActiveCfg = Release|Any CPU
		{5FFFEFDA-5A50-40F3-B68E-2D8CA0D7055F}.AppStore|iPhoneSimulator.Build.0 = Release|Any CPU
		{5FFFEFDA-5A50-40F3-B68E-2D8CA0D7055F}.AppStore|iPhoneSimulator.Deploy.0 = Release|Any CPU
		{5FFFEFDA-5A50-40F3-B68E-2D8CA0D7055F}.Debug|Any CPU.ActiveCfg = Debug|Any CPU
		{5FFFEFDA-5A50-40F3-B68E-2D8CA0D7055F}.Debug|Any CPU.Build.0 = Debug|Any CPU
		{5FFFEFDA-5A50-40F3-B68E-2D8CA0D7055F}.Debug|Any CPU.Deploy.0 = Debug|Any CPU
		{5FFFEFDA-5A50-40F3-B68E-2D8CA0D7055F}.Debug|iPhone.ActiveCfg = Debug|Any CPU
		{5FFFEFDA-5A50-40F3-B68E-2D8CA0D7055F}.Debug|iPhone.Build.0 = Debug|Any CPU
		{5FFFEFDA-5A50-40F3-B68E-2D8CA0D7055F}.Debug|iPhone.Deploy.0 = Debug|Any CPU
		{5FFFEFDA-5A50-40F3-B68E-2D8CA0D7055F}.Debug|iPhoneSimulator.ActiveCfg = Debug|Any CPU
		{5FFFEFDA-5A50-40F3-B68E-2D8CA0D7055F}.Debug|iPhoneSimulator.Build.0 = Debug|Any CPU
		{5FFFEFDA-5A50-40F3-B68E-2D8CA0D7055F}.Debug|iPhoneSimulator.Deploy.0 = Debug|Any CPU
		{5FFFEFDA-5A50-40F3-B68E-2D8CA0D7055F}.Release|Any CPU.ActiveCfg = Release|Any CPU
		{5FFFEFDA-5A50-40F3-B68E-2D8CA0D7055F}.Release|Any CPU.Build.0 = Release|Any CPU
		{5FFFEFDA-5A50-40F3-B68E-2D8CA0D7055F}.Release|Any CPU.Deploy.0 = Release|Any CPU
		{5FFFEFDA-5A50-40F3-B68E-2D8CA0D7055F}.Release|iPhone.ActiveCfg = Release|Any CPU
		{5FFFEFDA-5A50-40F3-B68E-2D8CA0D7055F}.Release|iPhone.Build.0 = Release|Any CPU
		{5FFFEFDA-5A50-40F3-B68E-2D8CA0D7055F}.Release|iPhone.Deploy.0 = Release|Any CPU
		{5FFFEFDA-5A50-40F3-B68E-2D8CA0D7055F}.Release|iPhoneSimulator.ActiveCfg = Release|Any CPU
		{5FFFEFDA-5A50-40F3-B68E-2D8CA0D7055F}.Release|iPhoneSimulator.Build.0 = Release|Any CPU
		{5FFFEFDA-5A50-40F3-B68E-2D8CA0D7055F}.Release|iPhoneSimulator.Deploy.0 = Release|Any CPU
		{25E1FADC-40DC-4667-9030-CBFB1F85D4A5}.Ad-Hoc|Any CPU.ActiveCfg = Ad-Hoc|iPhone
		{25E1FADC-40DC-4667-9030-CBFB1F85D4A5}.Ad-Hoc|Any CPU.Build.0 = Ad-Hoc|iPhone
		{25E1FADC-40DC-4667-9030-CBFB1F85D4A5}.Ad-Hoc|Any CPU.Deploy.0 = Ad-Hoc|iPhone
		{25E1FADC-40DC-4667-9030-CBFB1F85D4A5}.Ad-Hoc|iPhone.ActiveCfg = Ad-Hoc|iPhone
		{25E1FADC-40DC-4667-9030-CBFB1F85D4A5}.Ad-Hoc|iPhone.Build.0 = Ad-Hoc|iPhone
		{25E1FADC-40DC-4667-9030-CBFB1F85D4A5}.Ad-Hoc|iPhone.Deploy.0 = Ad-Hoc|iPhone
		{25E1FADC-40DC-4667-9030-CBFB1F85D4A5}.Ad-Hoc|iPhoneSimulator.ActiveCfg = Ad-Hoc|iPhoneSimulator
		{25E1FADC-40DC-4667-9030-CBFB1F85D4A5}.Ad-Hoc|iPhoneSimulator.Build.0 = Ad-Hoc|iPhoneSimulator
		{25E1FADC-40DC-4667-9030-CBFB1F85D4A5}.Ad-Hoc|iPhoneSimulator.Deploy.0 = Ad-Hoc|iPhoneSimulator
		{25E1FADC-40DC-4667-9030-CBFB1F85D4A5}.AppStore|Any CPU.ActiveCfg = AppStore|iPhone
		{25E1FADC-40DC-4667-9030-CBFB1F85D4A5}.AppStore|Any CPU.Build.0 = AppStore|iPhone
		{25E1FADC-40DC-4667-9030-CBFB1F85D4A5}.AppStore|Any CPU.Deploy.0 = AppStore|iPhone
		{25E1FADC-40DC-4667-9030-CBFB1F85D4A5}.AppStore|iPhone.ActiveCfg = AppStore|iPhone
		{25E1FADC-40DC-4667-9030-CBFB1F85D4A5}.AppStore|iPhone.Build.0 = AppStore|iPhone
		{25E1FADC-40DC-4667-9030-CBFB1F85D4A5}.AppStore|iPhone.Deploy.0 = AppStore|iPhone
		{25E1FADC-40DC-4667-9030-CBFB1F85D4A5}.AppStore|iPhoneSimulator.ActiveCfg = AppStore|iPhoneSimulator
		{25E1FADC-40DC-4667-9030-CBFB1F85D4A5}.AppStore|iPhoneSimulator.Build.0 = AppStore|iPhoneSimulator
		{25E1FADC-40DC-4667-9030-CBFB1F85D4A5}.AppStore|iPhoneSimulator.Deploy.0 = AppStore|iPhoneSimulator
		{25E1FADC-40DC-4667-9030-CBFB1F85D4A5}.Debug|Any CPU.ActiveCfg = Debug|iPhoneSimulator
		{25E1FADC-40DC-4667-9030-CBFB1F85D4A5}.Debug|Any CPU.Build.0 = Debug|iPhoneSimulator
		{25E1FADC-40DC-4667-9030-CBFB1F85D4A5}.Debug|Any CPU.Deploy.0 = Debug|iPhoneSimulator
		{25E1FADC-40DC-4667-9030-CBFB1F85D4A5}.Debug|iPhone.ActiveCfg = Debug|iPhone
		{25E1FADC-40DC-4667-9030-CBFB1F85D4A5}.Debug|iPhone.Build.0 = Debug|iPhone
		{25E1FADC-40DC-4667-9030-CBFB1F85D4A5}.Debug|iPhone.Deploy.0 = Debug|iPhone
		{25E1FADC-40DC-4667-9030-CBFB1F85D4A5}.Debug|iPhoneSimulator.ActiveCfg = Debug|iPhoneSimulator
		{25E1FADC-40DC-4667-9030-CBFB1F85D4A5}.Debug|iPhoneSimulator.Build.0 = Debug|iPhoneSimulator
		{25E1FADC-40DC-4667-9030-CBFB1F85D4A5}.Debug|iPhoneSimulator.Deploy.0 = Debug|iPhoneSimulator
		{25E1FADC-40DC-4667-9030-CBFB1F85D4A5}.Release|Any CPU.ActiveCfg = Release|iPhone
		{25E1FADC-40DC-4667-9030-CBFB1F85D4A5}.Release|Any CPU.Build.0 = Release|iPhone
		{25E1FADC-40DC-4667-9030-CBFB1F85D4A5}.Release|Any CPU.Deploy.0 = Release|iPhone
		{25E1FADC-40DC-4667-9030-CBFB1F85D4A5}.Release|iPhone.ActiveCfg = Release|iPhone
		{25E1FADC-40DC-4667-9030-CBFB1F85D4A5}.Release|iPhone.Build.0 = Release|iPhone
		{25E1FADC-40DC-4667-9030-CBFB1F85D4A5}.Release|iPhone.Deploy.0 = Release|iPhone
		{25E1FADC-40DC-4667-9030-CBFB1F85D4A5}.Release|iPhoneSimulator.ActiveCfg = Release|iPhoneSimulator
		{25E1FADC-40DC-4667-9030-CBFB1F85D4A5}.Release|iPhoneSimulator.Build.0 = Release|iPhoneSimulator
		{25E1FADC-40DC-4667-9030-CBFB1F85D4A5}.Release|iPhoneSimulator.Deploy.0 = Release|iPhoneSimulator
		{1E23688D-350C-492C-AA7B-F920412522E4}.Ad-Hoc|Any CPU.ActiveCfg = Debug|Any CPU
		{1E23688D-350C-492C-AA7B-F920412522E4}.Ad-Hoc|Any CPU.Build.0 = Debug|Any CPU
		{1E23688D-350C-492C-AA7B-F920412522E4}.Ad-Hoc|Any CPU.Deploy.0 = Debug|Any CPU
		{1E23688D-350C-492C-AA7B-F920412522E4}.Ad-Hoc|iPhone.ActiveCfg = Debug|Any CPU
		{1E23688D-350C-492C-AA7B-F920412522E4}.Ad-Hoc|iPhone.Build.0 = Debug|Any CPU
		{1E23688D-350C-492C-AA7B-F920412522E4}.Ad-Hoc|iPhone.Deploy.0 = Debug|Any CPU
		{1E23688D-350C-492C-AA7B-F920412522E4}.Ad-Hoc|iPhoneSimulator.ActiveCfg = Debug|Any CPU
		{1E23688D-350C-492C-AA7B-F920412522E4}.Ad-Hoc|iPhoneSimulator.Build.0 = Debug|Any CPU
		{1E23688D-350C-492C-AA7B-F920412522E4}.Ad-Hoc|iPhoneSimulator.Deploy.0 = Debug|Any CPU
		{1E23688D-350C-492C-AA7B-F920412522E4}.AppStore|Any CPU.ActiveCfg = Debug|Any CPU
		{1E23688D-350C-492C-AA7B-F920412522E4}.AppStore|Any CPU.Build.0 = Debug|Any CPU
		{1E23688D-350C-492C-AA7B-F920412522E4}.AppStore|Any CPU.Deploy.0 = Debug|Any CPU
		{1E23688D-350C-492C-AA7B-F920412522E4}.AppStore|iPhone.ActiveCfg = Debug|Any CPU
		{1E23688D-350C-492C-AA7B-F920412522E4}.AppStore|iPhone.Build.0 = Debug|Any CPU
		{1E23688D-350C-492C-AA7B-F920412522E4}.AppStore|iPhone.Deploy.0 = Debug|Any CPU
		{1E23688D-350C-492C-AA7B-F920412522E4}.AppStore|iPhoneSimulator.ActiveCfg = Debug|Any CPU
		{1E23688D-350C-492C-AA7B-F920412522E4}.AppStore|iPhoneSimulator.Build.0 = Debug|Any CPU
		{1E23688D-350C-492C-AA7B-F920412522E4}.AppStore|iPhoneSimulator.Deploy.0 = Debug|Any CPU
		{1E23688D-350C-492C-AA7B-F920412522E4}.Debug|Any CPU.ActiveCfg = Debug|Any CPU
		{1E23688D-350C-492C-AA7B-F920412522E4}.Debug|Any CPU.Build.0 = Debug|Any CPU
		{1E23688D-350C-492C-AA7B-F920412522E4}.Debug|Any CPU.Deploy.0 = Debug|Any CPU
		{1E23688D-350C-492C-AA7B-F920412522E4}.Debug|iPhone.ActiveCfg = Debug|Any CPU
		{1E23688D-350C-492C-AA7B-F920412522E4}.Debug|iPhone.Build.0 = Debug|Any CPU
		{1E23688D-350C-492C-AA7B-F920412522E4}.Debug|iPhone.Deploy.0 = Debug|Any CPU
		{1E23688D-350C-492C-AA7B-F920412522E4}.Debug|iPhoneSimulator.ActiveCfg = Debug|Any CPU
		{1E23688D-350C-492C-AA7B-F920412522E4}.Debug|iPhoneSimulator.Build.0 = Debug|Any CPU
		{1E23688D-350C-492C-AA7B-F920412522E4}.Debug|iPhoneSimulator.Deploy.0 = Debug|Any CPU
		{1E23688D-350C-492C-AA7B-F920412522E4}.Release|Any CPU.ActiveCfg = Release|Any CPU
		{1E23688D-350C-492C-AA7B-F920412522E4}.Release|Any CPU.Build.0 = Release|Any CPU
		{1E23688D-350C-492C-AA7B-F920412522E4}.Release|Any CPU.Deploy.0 = Release|Any CPU
		{1E23688D-350C-492C-AA7B-F920412522E4}.Release|iPhone.ActiveCfg = Release|Any CPU
		{1E23688D-350C-492C-AA7B-F920412522E4}.Release|iPhone.Build.0 = Release|Any CPU
		{1E23688D-350C-492C-AA7B-F920412522E4}.Release|iPhone.Deploy.0 = Release|Any CPU
		{1E23688D-350C-492C-AA7B-F920412522E4}.Release|iPhoneSimulator.ActiveCfg = Release|Any CPU
		{1E23688D-350C-492C-AA7B-F920412522E4}.Release|iPhoneSimulator.Build.0 = Release|Any CPU
		{1E23688D-350C-492C-AA7B-F920412522E4}.Release|iPhoneSimulator.Deploy.0 = Release|Any CPU
	EndGlobalSection
	GlobalSection(SolutionProperties) = preSolution
		HideSolutionNode = FALSE
	EndGlobalSection
	GlobalSection(ExtensibilityGlobals) = postSolution
		SolutionGuid = {2ED7D376-ED8C-47AC-A49B-405FAA6A334D}
	EndGlobalSection
EndGlobal
